
Microsoft Visual Studio Solution File, Format Version 12.00
# Visual Studio Version 16
VisualStudioVersion = 16.0.30621.155
MinimumVisualStudioVersion = 10.0.40219.1
Project("{FAE04EC0-301F-11D3-BF4B-00C04F79EFBC}") = "DosyaKarsilastir", "DosyaKarsilastir\DosyaKarsilastir.csproj", "{365D38D2-D2FB-4269-85CF-C863BEAD4F6F}"
EndProject
Project("{54435603-DBB4-11D2-8724-00A0C9A8B90C}") = "SO1-Setup", "SO1-Setup\SO1-Setup.vdproj", "{1F872849-43AE-4289-87B0-767B785229BC}"
EndProject
Global
	GlobalSection(SolutionConfigurationPlatforms) = preSolution
		Debug|Any CPU = Debug|Any CPU
		Release|Any CPU = Release|Any CPU
	EndGlobalSection
	GlobalSection(ProjectConfigurationPlatforms) = postSolution
		{365D38D2-D2FB-4269-85CF-C863BEAD4F6F}.Debug|Any CPU.ActiveCfg = Release|Any CPU
		{365D38D2-D2FB-4269-85CF-C863BEAD4F6F}.Debug|Any CPU.Build.0 = Release|Any CPU
		{365D38D2-D2FB-4269-85CF-C863BEAD4F6F}.Release|Any CPU.ActiveCfg = Release|Any CPU
		{365D38D2-D2FB-4269-85CF-C863BEAD4F6F}.Release|Any CPU.Build.0 = Release|Any CPU
		{1F872849-43AE-4289-87B0-767B785229BC}.Debug|Any CPU.ActiveCfg = Debug
		{1F872849-43AE-4289-87B0-767B785229BC}.Release|Any CPU.ActiveCfg = Release
	EndGlobalSection
	GlobalSection(SolutionProperties) = preSolution
		HideSolutionNode = FALSE
	EndGlobalSection
	GlobalSection(ExtensibilityGlobals) = postSolution
		SolutionGuid = {B6FE06A2-6855-4A57-BFE0-379F56388144}
	EndGlobalSection
EndGlobal
